// !$*UTF8*$!
{
	archiveVersion = 1;
	classes = {
	};
	objectVersion = 50;
	objects = {

/* Begin PBXBuildFile section */
		B731A3E30F1CC02265CA3A05 /* PlayControl.xib in Resources */ = {isa = PBXBuildFile; fileRef = B731AE1BF6F12873B8AF512C /* PlayControl.xib */; };
		B731A6204DE106323D38DB14 /* PlayControl.swift in Sources */ = {isa = PBXBuildFile; fileRef = B731AFA67F5463C9DE443A33 /* PlayControl.swift */; };
		C5340826288D4EFF00236CAB /* PlayerStatus.swift in Sources */ = {isa = PBXBuildFile; fileRef = C5340825288D4EFF00236CAB /* PlayerStatus.swift */; };
		C5340829288D50E800236CAB /* ContentType.swift in Sources */ = {isa = PBXBuildFile; fileRef = C5340828288D50E800236CAB /* ContentType.swift */; };
		C534082B288D83B500236CAB /* ExamplePlayerError.swift in Sources */ = {isa = PBXBuildFile; fileRef = C534082A288D83B500236CAB /* ExamplePlayerError.swift */; };
		C534082D288E0BF000236CAB /* ButtonType.swift in Sources */ = {isa = PBXBuildFile; fileRef = C534082C288E0BF000236CAB /* ButtonType.swift */; };
		C534082F288E0FEA00236CAB /* PlayerControlDelegate.swift in Sources */ = {isa = PBXBuildFile; fileRef = C534082E288E0FEA00236CAB /* PlayerControlDelegate.swift */; };
		C5340831288E1A9400236CAB /* Logger.swift in Sources */ = {isa = PBXBuildFile; fileRef = C5340830288E1A9400236CAB /* Logger.swift */; };
		C5340833288E1D8500236CAB /* PlayerControlExtension.swift in Sources */ = {isa = PBXBuildFile; fileRef = C5340832288E1D8500236CAB /* PlayerControlExtension.swift */; };
		C5340835288E21F600236CAB /* BackgroundPlayExtension.swift in Sources */ = {isa = PBXBuildFile; fileRef = C5340834288E21F600236CAB /* BackgroundPlayExtension.swift */; };
		C54A65C1288FD5A10099D209 /* KollusStorageDelegateExtension.swift in Sources */ = {isa = PBXBuildFile; fileRef = C54A65C0288FD5A10099D209 /* KollusStorageDelegateExtension.swift */; };
		C57090552887973E00457C44 /* ExmaplePlayerDelegate.swift in Sources */ = {isa = PBXBuildFile; fileRef = C57090542887973E00457C44 /* ExmaplePlayerDelegate.swift */; };
		C58AD81A288634AC006FEF6E /* libsqlite3.0.tbd in Frameworks */ = {isa = PBXBuildFile; fileRef = DBEE8768247E876300F5526F /* libsqlite3.0.tbd */; };
		C58AD81B288634B6006FEF6E /* libiconv.tbd in Frameworks */ = {isa = PBXBuildFile; fileRef = DBEE876A247E877000F5526F /* libiconv.tbd */; };
		C58AD81C288634C0006FEF6E /* CoreMedia.framework in Frameworks */ = {isa = PBXBuildFile; fileRef = DBEE876C247E877800F5526F /* CoreMedia.framework */; };
		C58AD81D288634C7006FEF6E /* AVFoundation.framework in Frameworks */ = {isa = PBXBuildFile; fileRef = DBEE876E247E878000F5526F /* AVFoundation.framework */; };
		C58AD81E288634CE006FEF6E /* QuartzCore.framework in Frameworks */ = {isa = PBXBuildFile; fileRef = DBEE8770247E878900F5526F /* QuartzCore.framework */; };
		C58AD81F288634D4006FEF6E /* AudioToolbox.framework in Frameworks */ = {isa = PBXBuildFile; fileRef = DBEE8772247E879100F5526F /* AudioToolbox.framework */; };
		C58AD820288634DE006FEF6E /* OpenGLES.framework in Frameworks */ = {isa = PBXBuildFile; fileRef = DBEE8774247E879F00F5526F /* OpenGLES.framework */; };
		C58AD821288634E6006FEF6E /* Security.framework in Frameworks */ = {isa = PBXBuildFile; fileRef = DBEE8776247E87A800F5526F /* Security.framework */; };
		C58AD822288634EE006FEF6E /* SystemConfiguration.framework in Frameworks */ = {isa = PBXBuildFile; fileRef = DBEE8778247E87B100F5526F /* SystemConfiguration.framework */; };
		C58AD823288634F5006FEF6E /* MediaPlayer.framework in Frameworks */ = {isa = PBXBuildFile; fileRef = DBEE877A247E87BC00F5526F /* MediaPlayer.framework */; };
		C58AD824288634FB006FEF6E /* CoreGraphics.framework in Frameworks */ = {isa = PBXBuildFile; fileRef = DBEE877C247E87CA00F5526F /* CoreGraphics.framework */; };
		C58AD82528863502006FEF6E /* UIKit.framework in Frameworks */ = {isa = PBXBuildFile; fileRef = DBEE877E247E87D200F5526F /* UIKit.framework */; };
		C58AD8262886350E006FEF6E /* Foundation.framework in Frameworks */ = {isa = PBXBuildFile; fileRef = DBEE8780247E87DA00F5526F /* Foundation.framework */; };
		C58AD8272886372C006FEF6E /* libKollusSDK_debug.a in Frameworks */ = {isa = PBXBuildFile; fileRef = DBEE8782247E87EC00F5526F /* libKollusSDK_debug.a */; };
		C58AD82A28863797006FEF6E /* PallyConFPSSDK.framework in Frameworks */ = {isa = PBXBuildFile; fileRef = C58AD82828863739006FEF6E /* PallyConFPSSDK.framework */; };
		C58AD82B28863797006FEF6E /* PallyConFPSSDK.framework in Embed Frameworks */ = {isa = PBXBuildFile; fileRef = C58AD82828863739006FEF6E /* PallyConFPSSDK.framework */; settings = {ATTRIBUTES = (CodeSignOnCopy, RemoveHeadersOnCopy, ); }; };
		C5AB6E352887450E00110752 /* DRMDelegateExtension.swift in Sources */ = {isa = PBXBuildFile; fileRef = C5AB6E342887450E00110752 /* DRMDelegateExtension.swift */; };
		C5AB6E372887465B00110752 /* PlayerDelegateExtension.swift in Sources */ = {isa = PBXBuildFile; fileRef = C5AB6E362887465B00110752 /* PlayerDelegateExtension.swift */; };
		C5AB6E39288746BA00110752 /* LMSDelegateExtension.swift in Sources */ = {isa = PBXBuildFile; fileRef = C5AB6E38288746BA00110752 /* LMSDelegateExtension.swift */; };
		C5AB6E3B288746D200110752 /* BookmarkDelegateExtension.swift in Sources */ = {isa = PBXBuildFile; fileRef = C5AB6E3A288746D200110752 /* BookmarkDelegateExtension.swift */; };
		DB8F9BB5246CBFF8006C6792 /* AppDelegate.swift in Sources */ = {isa = PBXBuildFile; fileRef = DB8F9BB4246CBFF8006C6792 /* AppDelegate.swift */; };
		DB8F9BB7246CBFF8006C6792 /* SceneDelegate.swift in Sources */ = {isa = PBXBuildFile; fileRef = DB8F9BB6246CBFF8006C6792 /* SceneDelegate.swift */; };
		DB8F9BB9246CBFF8006C6792 /* ViewController.swift in Sources */ = {isa = PBXBuildFile; fileRef = DB8F9BB8246CBFF8006C6792 /* ViewController.swift */; };
		DB8F9BBC246CBFF8006C6792 /* Main.storyboard in Resources */ = {isa = PBXBuildFile; fileRef = DB8F9BBA246CBFF8006C6792 /* Main.storyboard */; };
		DB8F9BBE246CBFFC006C6792 /* Assets.xcassets in Resources */ = {isa = PBXBuildFile; fileRef = DB8F9BBD246CBFFC006C6792 /* Assets.xcassets */; };
		DB8F9BC1246CBFFC006C6792 /* LaunchScreen.storyboard in Resources */ = {isa = PBXBuildFile; fileRef = DB8F9BBF246CBFFC006C6792 /* LaunchScreen.storyboard */; };
		DB8F9BD3246CC412006C6792 /* Topbar.swift in Sources */ = {isa = PBXBuildFile; fileRef = DB8F9BD2246CC412006C6792 /* Topbar.swift */; };
		DB8F9BD5246CC427006C6792 /* Topbar.xib in Resources */ = {isa = PBXBuildFile; fileRef = DB8F9BD4246CC427006C6792 /* Topbar.xib */; };
		DB8F9BD7246CF282006C6792 /* AbstractView.swift in Sources */ = {isa = PBXBuildFile; fileRef = DB8F9BD6246CF282006C6792 /* AbstractView.swift */; };
		DB8F9BD9246CF29F006C6792 /* AbstractView.xib in Resources */ = {isa = PBXBuildFile; fileRef = DB8F9BD8246CF29F006C6792 /* AbstractView.xib */; };
		DB8F9BE1246D2A9C006C6792 /* UrlView.swift in Sources */ = {isa = PBXBuildFile; fileRef = DB8F9BE0246D2A9C006C6792 /* UrlView.swift */; };
		DB8F9BE3246D2ABA006C6792 /* UrlView.xib in Resources */ = {isa = PBXBuildFile; fileRef = DB8F9BE2246D2ABA006C6792 /* UrlView.xib */; };
		DBE104F3246F88D1001E519B /* CustomSlider.xib in Resources */ = {isa = PBXBuildFile; fileRef = DBE104F2246F88D1001E519B /* CustomSlider.xib */; };
		DBEE875E247DFA8200F5526F /* ExamplePlayer.xib in Resources */ = {isa = PBXBuildFile; fileRef = DBEE875D247DFA8200F5526F /* ExamplePlayer.xib */; };
		DBEE8760247DFAA000F5526F /* ExamplePlayer.swift in Sources */ = {isa = PBXBuildFile; fileRef = DBEE875F247DFAA000F5526F /* ExamplePlayer.swift */; };
		DBF6B78A246DA24C00F5A9E6 /* CustomSlider.swift in Sources */ = {isa = PBXBuildFile; fileRef = DBF6B789246DA24C00F5A9E6 /* CustomSlider.swift */; };
/* End PBXBuildFile section */

/* Begin PBXCopyFilesBuildPhase section */
		C58AD82C28863797006FEF6E /* Embed Frameworks */ = {
			isa = PBXCopyFilesBuildPhase;
			buildActionMask = 2147483647;
			dstPath = "";
			dstSubfolderSpec = 10;
			files = (
				C58AD82B28863797006FEF6E /* PallyConFPSSDK.framework in Embed Frameworks */,
			);
			name = "Embed Frameworks";
			runOnlyForDeploymentPostprocessing = 0;
		};
/* End PBXCopyFilesBuildPhase section */

/* Begin PBXFileReference section */
		B731AB807F085487958C72BC /* kls-ios-swift-Bridging-Header.h */ = {isa = PBXFileReference; fileEncoding = 4; lastKnownFileType = sourcecode.c.h; path = "kls-ios-swift-Bridging-Header.h"; sourceTree = "<group>"; };
		B731AE1BF6F12873B8AF512C /* PlayControl.xib */ = {isa = PBXFileReference; lastKnownFileType = file.xib; path = PlayControl.xib; sourceTree = "<group>"; };
		B731AFA67F5463C9DE443A33 /* PlayControl.swift */ = {isa = PBXFileReference; fileEncoding = 4; lastKnownFileType = sourcecode.swift; path = PlayControl.swift; sourceTree = "<group>"; };
		C5340825288D4EFF00236CAB /* PlayerStatus.swift */ = {isa = PBXFileReference; lastKnownFileType = sourcecode.swift; path = PlayerStatus.swift; sourceTree = "<group>"; };
		C5340828288D50E800236CAB /* ContentType.swift */ = {isa = PBXFileReference; lastKnownFileType = sourcecode.swift; path = ContentType.swift; sourceTree = "<group>"; };
		C534082A288D83B500236CAB /* ExamplePlayerError.swift */ = {isa = PBXFileReference; lastKnownFileType = sourcecode.swift; path = ExamplePlayerError.swift; sourceTree = "<group>"; };
		C534082C288E0BF000236CAB /* ButtonType.swift */ = {isa = PBXFileReference; lastKnownFileType = sourcecode.swift; path = ButtonType.swift; sourceTree = "<group>"; };
		C534082E288E0FEA00236CAB /* PlayerControlDelegate.swift */ = {isa = PBXFileReference; lastKnownFileType = sourcecode.swift; path = PlayerControlDelegate.swift; sourceTree = "<group>"; };
		C5340830288E1A9400236CAB /* Logger.swift */ = {isa = PBXFileReference; lastKnownFileType = sourcecode.swift; path = Logger.swift; sourceTree = "<group>"; };
		C5340832288E1D8500236CAB /* PlayerControlExtension.swift */ = {isa = PBXFileReference; lastKnownFileType = sourcecode.swift; path = PlayerControlExtension.swift; sourceTree = "<group>"; };
		C5340834288E21F600236CAB /* BackgroundPlayExtension.swift */ = {isa = PBXFileReference; lastKnownFileType = sourcecode.swift; path = BackgroundPlayExtension.swift; sourceTree = "<group>"; };
		C54A65C0288FD5A10099D209 /* KollusStorageDelegateExtension.swift */ = {isa = PBXFileReference; lastKnownFileType = sourcecode.swift; path = KollusStorageDelegateExtension.swift; sourceTree = "<group>"; };
		C57090542887973E00457C44 /* ExmaplePlayerDelegate.swift */ = {isa = PBXFileReference; lastKnownFileType = sourcecode.swift; path = ExmaplePlayerDelegate.swift; sourceTree = "<group>"; };
		C58AD81828863498006FEF6E /* libKollusSDK_debug.a */ = {isa = PBXFileReference; lastKnownFileType = archive.ar; name = libKollusSDK_debug.a; path = ../KollusMobileSDK/KollusSDK_iOS_v2.2.94_0726/KollusPlayer/KollusSDK/lib/libKollusSDK_debug.a; sourceTree = "<group>"; };
		C58AD82828863739006FEF6E /* PallyConFPSSDK.framework */ = {isa = PBXFileReference; lastKnownFileType = wrapper.framework; name = PallyConFPSSDK.framework; path = ExternalLib/PallyConFPSSDK.framework; sourceTree = "<group>"; };
		C58AD82E288637E6006FEF6E /* ExternalLib */ = {isa = PBXFileReference; lastKnownFileType = folder; path = ExternalLib; sourceTree = "<group>"; };
		C5AB6E342887450E00110752 /* DRMDelegateExtension.swift */ = {isa = PBXFileReference; lastKnownFileType = sourcecode.swift; path = DRMDelegateExtension.swift; sourceTree = "<group>"; };
		C5AB6E362887465B00110752 /* PlayerDelegateExtension.swift */ = {isa = PBXFileReference; lastKnownFileType = sourcecode.swift; path = PlayerDelegateExtension.swift; sourceTree = "<group>"; };
		C5AB6E38288746BA00110752 /* LMSDelegateExtension.swift */ = {isa = PBXFileReference; lastKnownFileType = sourcecode.swift; path = LMSDelegateExtension.swift; sourceTree = "<group>"; };
		C5AB6E3A288746D200110752 /* BookmarkDelegateExtension.swift */ = {isa = PBXFileReference; lastKnownFileType = sourcecode.swift; path = BookmarkDelegateExtension.swift; sourceTree = "<group>"; };
		DB8F9BB1246CBFF8006C6792 /* KLS-ExamplePlayer.app */ = {isa = PBXFileReference; explicitFileType = wrapper.application; includeInIndex = 0; path = "KLS-ExamplePlayer.app"; sourceTree = BUILT_PRODUCTS_DIR; };
		DB8F9BB4246CBFF8006C6792 /* AppDelegate.swift */ = {isa = PBXFileReference; lastKnownFileType = sourcecode.swift; path = AppDelegate.swift; sourceTree = "<group>"; };
		DB8F9BB6246CBFF8006C6792 /* SceneDelegate.swift */ = {isa = PBXFileReference; lastKnownFileType = sourcecode.swift; path = SceneDelegate.swift; sourceTree = "<group>"; };
		DB8F9BB8246CBFF8006C6792 /* ViewController.swift */ = {isa = PBXFileReference; lastKnownFileType = sourcecode.swift; path = ViewController.swift; sourceTree = "<group>"; };
		DB8F9BBB246CBFF8006C6792 /* Base */ = {isa = PBXFileReference; lastKnownFileType = file.storyboard; name = Base; path = Base.lproj/Main.storyboard; sourceTree = "<group>"; };
		DB8F9BBD246CBFFC006C6792 /* Assets.xcassets */ = {isa = PBXFileReference; lastKnownFileType = folder.assetcatalog; path = Assets.xcassets; sourceTree = "<group>"; };
		DB8F9BC0246CBFFC006C6792 /* Base */ = {isa = PBXFileReference; lastKnownFileType = file.storyboard; name = Base; path = Base.lproj/LaunchScreen.storyboard; sourceTree = "<group>"; };
		DB8F9BC2246CBFFC006C6792 /* Info.plist */ = {isa = PBXFileReference; lastKnownFileType = text.plist.xml; path = Info.plist; sourceTree = "<group>"; };
		DB8F9BD2246CC412006C6792 /* Topbar.swift */ = {isa = PBXFileReference; lastKnownFileType = sourcecode.swift; path = Topbar.swift; sourceTree = "<group>"; };
		DB8F9BD4246CC427006C6792 /* Topbar.xib */ = {isa = PBXFileReference; lastKnownFileType = file.xib; path = Topbar.xib; sourceTree = "<group>"; };
		DB8F9BD6246CF282006C6792 /* AbstractView.swift */ = {isa = PBXFileReference; lastKnownFileType = sourcecode.swift; path = AbstractView.swift; sourceTree = "<group>"; };
		DB8F9BD8246CF29F006C6792 /* AbstractView.xib */ = {isa = PBXFileReference; lastKnownFileType = file.xib; path = AbstractView.xib; sourceTree = "<group>"; };
		DB8F9BE0246D2A9C006C6792 /* UrlView.swift */ = {isa = PBXFileReference; lastKnownFileType = sourcecode.swift; path = UrlView.swift; sourceTree = "<group>"; };
		DB8F9BE2246D2ABA006C6792 /* UrlView.xib */ = {isa = PBXFileReference; lastKnownFileType = file.xib; path = UrlView.xib; sourceTree = "<group>"; };
		DBE104F2246F88D1001E519B /* CustomSlider.xib */ = {isa = PBXFileReference; lastKnownFileType = file.xib; path = CustomSlider.xib; sourceTree = "<group>"; };
		DBEE875D247DFA8200F5526F /* ExamplePlayer.xib */ = {isa = PBXFileReference; lastKnownFileType = file.xib; path = ExamplePlayer.xib; sourceTree = "<group>"; };
		DBEE875F247DFAA000F5526F /* ExamplePlayer.swift */ = {isa = PBXFileReference; lastKnownFileType = sourcecode.swift; path = ExamplePlayer.swift; sourceTree = "<group>"; };
		DBEE8768247E876300F5526F /* libsqlite3.0.tbd */ = {isa = PBXFileReference; lastKnownFileType = "sourcecode.text-based-dylib-definition"; name = libsqlite3.0.tbd; path = usr/lib/libsqlite3.0.tbd; sourceTree = SDKROOT; };
		DBEE876A247E877000F5526F /* libiconv.tbd */ = {isa = PBXFileReference; lastKnownFileType = "sourcecode.text-based-dylib-definition"; name = libiconv.tbd; path = usr/lib/libiconv.tbd; sourceTree = SDKROOT; };
		DBEE876C247E877800F5526F /* CoreMedia.framework */ = {isa = PBXFileReference; lastKnownFileType = wrapper.framework; name = CoreMedia.framework; path = System/Library/Frameworks/CoreMedia.framework; sourceTree = SDKROOT; };
		DBEE876E247E878000F5526F /* AVFoundation.framework */ = {isa = PBXFileReference; lastKnownFileType = wrapper.framework; name = AVFoundation.framework; path = System/Library/Frameworks/AVFoundation.framework; sourceTree = SDKROOT; };
		DBEE8770247E878900F5526F /* QuartzCore.framework */ = {isa = PBXFileReference; lastKnownFileType = wrapper.framework; name = QuartzCore.framework; path = System/Library/Frameworks/QuartzCore.framework; sourceTree = SDKROOT; };
		DBEE8772247E879100F5526F /* AudioToolbox.framework */ = {isa = PBXFileReference; lastKnownFileType = wrapper.framework; name = AudioToolbox.framework; path = System/Library/Frameworks/AudioToolbox.framework; sourceTree = SDKROOT; };
		DBEE8774247E879F00F5526F /* OpenGLES.framework */ = {isa = PBXFileReference; lastKnownFileType = wrapper.framework; name = OpenGLES.framework; path = System/Library/Frameworks/OpenGLES.framework; sourceTree = SDKROOT; };
		DBEE8776247E87A800F5526F /* Security.framework */ = {isa = PBXFileReference; lastKnownFileType = wrapper.framework; name = Security.framework; path = System/Library/Frameworks/Security.framework; sourceTree = SDKROOT; };
		DBEE8778247E87B100F5526F /* SystemConfiguration.framework */ = {isa = PBXFileReference; lastKnownFileType = wrapper.framework; name = SystemConfiguration.framework; path = System/Library/Frameworks/SystemConfiguration.framework; sourceTree = SDKROOT; };
		DBEE877A247E87BC00F5526F /* MediaPlayer.framework */ = {isa = PBXFileReference; lastKnownFileType = wrapper.framework; name = MediaPlayer.framework; path = System/Library/Frameworks/MediaPlayer.framework; sourceTree = SDKROOT; };
		DBEE877C247E87CA00F5526F /* CoreGraphics.framework */ = {isa = PBXFileReference; lastKnownFileType = wrapper.framework; name = CoreGraphics.framework; path = System/Library/Frameworks/CoreGraphics.framework; sourceTree = SDKROOT; };
		DBEE877E247E87D200F5526F /* UIKit.framework */ = {isa = PBXFileReference; lastKnownFileType = wrapper.framework; name = UIKit.framework; path = System/Library/Frameworks/UIKit.framework; sourceTree = SDKROOT; };
		DBEE8780247E87DA00F5526F /* Foundation.framework */ = {isa = PBXFileReference; lastKnownFileType = wrapper.framework; name = Foundation.framework; path = System/Library/Frameworks/Foundation.framework; sourceTree = SDKROOT; };
		DBEE8782247E87EC00F5526F /* libKollusSDK_debug.a */ = {isa = PBXFileReference; lastKnownFileType = archive.ar; name = libKollusSDK_debug.a; path = ExternalLib/KollusSDK/lib/libKollusSDK_debug.a; sourceTree = "<group>"; };
		DBF6B789246DA24C00F5A9E6 /* CustomSlider.swift */ = {isa = PBXFileReference; lastKnownFileType = sourcecode.swift; path = CustomSlider.swift; sourceTree = "<group>"; };
/* End PBXFileReference section */

/* Begin PBXFrameworksBuildPhase section */
		DB8F9BAE246CBFF8006C6792 /* Frameworks */ = {
			isa = PBXFrameworksBuildPhase;
			buildActionMask = 2147483647;
			files = (
				C58AD8272886372C006FEF6E /* libKollusSDK_debug.a in Frameworks */,
				C58AD8262886350E006FEF6E /* Foundation.framework in Frameworks */,
				C58AD82528863502006FEF6E /* UIKit.framework in Frameworks */,
				C58AD824288634FB006FEF6E /* CoreGraphics.framework in Frameworks */,
				C58AD823288634F5006FEF6E /* MediaPlayer.framework in Frameworks */,
				C58AD822288634EE006FEF6E /* SystemConfiguration.framework in Frameworks */,
				C58AD821288634E6006FEF6E /* Security.framework in Frameworks */,
				C58AD820288634DE006FEF6E /* OpenGLES.framework in Frameworks */,
				C58AD81F288634D4006FEF6E /* AudioToolbox.framework in Frameworks */,
				C58AD81E288634CE006FEF6E /* QuartzCore.framework in Frameworks */,
				C58AD81D288634C7006FEF6E /* AVFoundation.framework in Frameworks */,
				C58AD82A28863797006FEF6E /* PallyConFPSSDK.framework in Frameworks */,
				C58AD81C288634C0006FEF6E /* CoreMedia.framework in Frameworks */,
				C58AD81B288634B6006FEF6E /* libiconv.tbd in Frameworks */,
				C58AD81A288634AC006FEF6E /* libsqlite3.0.tbd in Frameworks */,
			);
			runOnlyForDeploymentPostprocessing = 0;
		};
/* End PBXFrameworksBuildPhase section */

/* Begin PBXGroup section */
		C5340824288D4EE300236CAB /* Type */ = {
			isa = PBXGroup;
			children = (
				C5340825288D4EFF00236CAB /* PlayerStatus.swift */,
				C5340828288D50E800236CAB /* ContentType.swift */,
				C534082A288D83B500236CAB /* ExamplePlayerError.swift */,
				C534082C288E0BF000236CAB /* ButtonType.swift */,
			);
			path = Type;
			sourceTree = "<group>";
		};
		C57090532887972900457C44 /* Delegate */ = {
			isa = PBXGroup;
			children = (
				C57090542887973E00457C44 /* ExmaplePlayerDelegate.swift */,
				C534082E288E0FEA00236CAB /* PlayerControlDelegate.swift */,
			);
			path = Delegate;
			sourceTree = "<group>";
		};
		C5AB6E32288744AA00110752 /* Control */ = {
			isa = PBXGroup;
			children = (
				DB8F9BD2246CC412006C6792 /* Topbar.swift */,
				DB8F9BD4246CC427006C6792 /* Topbar.xib */,
				DBF6B789246DA24C00F5A9E6 /* CustomSlider.swift */,
				DBE104F2246F88D1001E519B /* CustomSlider.xib */,
				B731AE1BF6F12873B8AF512C /* PlayControl.xib */,
				B731AFA67F5463C9DE443A33 /* PlayControl.swift */,
			);
			path = Control;
			sourceTree = "<group>";
		};
		C5AB6E33288744D900110752 /* Extension */ = {
			isa = PBXGroup;
			children = (
				C5AB6E342887450E00110752 /* DRMDelegateExtension.swift */,
				C5AB6E38288746BA00110752 /* LMSDelegateExtension.swift */,
				C5AB6E362887465B00110752 /* PlayerDelegateExtension.swift */,
				C5AB6E3A288746D200110752 /* BookmarkDelegateExtension.swift */,
				C5340832288E1D8500236CAB /* PlayerControlExtension.swift */,
				C5340834288E21F600236CAB /* BackgroundPlayExtension.swift */,
				C54A65C0288FD5A10099D209 /* KollusStorageDelegateExtension.swift */,
			);
			path = Extension;
			sourceTree = "<group>";
		};
		DB8F9BA8246CBFF8006C6792 = {
			isa = PBXGroup;
			children = (
				C58AD82E288637E6006FEF6E /* ExternalLib */,
				DB8F9BB3246CBFF8006C6792 /* KLS-ExamplePlayer */,
				DB8F9BB2246CBFF8006C6792 /* Products */,
				B731AB807F085487958C72BC /* kls-ios-swift-Bridging-Header.h */,
				DBEE8767247E876300F5526F /* Frameworks */,
			);
			sourceTree = "<group>";
		};
		DB8F9BB2246CBFF8006C6792 /* Products */ = {
			isa = PBXGroup;
			children = (
				DB8F9BB1246CBFF8006C6792 /* KLS-ExamplePlayer.app */,
			);
			name = Products;
			sourceTree = "<group>";
		};
		DB8F9BB3246CBFF8006C6792 /* KLS-ExamplePlayer */ = {
			isa = PBXGroup;
			children = (
				DBEE875C247DFA4D00F5526F /* Player */,
				DB8F9BD1246CC3D9006C6792 /* Comm */,
				DB8F9BB4246CBFF8006C6792 /* AppDelegate.swift */,
				DB8F9BB6246CBFF8006C6792 /* SceneDelegate.swift */,
				DB8F9BB8246CBFF8006C6792 /* ViewController.swift */,
				DB8F9BBA246CBFF8006C6792 /* Main.storyboard */,
				DB8F9BBD246CBFFC006C6792 /* Assets.xcassets */,
				DB8F9BBF246CBFFC006C6792 /* LaunchScreen.storyboard */,
				DB8F9BC2246CBFFC006C6792 /* Info.plist */,
				C5340830288E1A9400236CAB /* Logger.swift */,
			);
			path = "KLS-ExamplePlayer";
			sourceTree = "<group>";
		};
		DB8F9BD1246CC3D9006C6792 /* Comm */ = {
			isa = PBXGroup;
			children = (
				DB8F9BD6246CF282006C6792 /* AbstractView.swift */,
				DB8F9BD8246CF29F006C6792 /* AbstractView.xib */,
				DB8F9BE0246D2A9C006C6792 /* UrlView.swift */,
				DB8F9BE2246D2ABA006C6792 /* UrlView.xib */,
			);
			path = Comm;
			sourceTree = "<group>";
		};
		DBEE875C247DFA4D00F5526F /* Player */ = {
			isa = PBXGroup;
			children = (
				C5340824288D4EE300236CAB /* Type */,
				C57090532887972900457C44 /* Delegate */,
				C5AB6E33288744D900110752 /* Extension */,
				C5AB6E32288744AA00110752 /* Control */,
				DBEE875D247DFA8200F5526F /* ExamplePlayer.xib */,
				DBEE875F247DFAA000F5526F /* ExamplePlayer.swift */,
			);
			path = Player;
			sourceTree = "<group>";
		};
		DBEE8767247E876300F5526F /* Frameworks */ = {
			isa = PBXGroup;
			children = (
				C58AD82828863739006FEF6E /* PallyConFPSSDK.framework */,
				DBEE8782247E87EC00F5526F /* libKollusSDK_debug.a */,
				C58AD81828863498006FEF6E /* libKollusSDK_debug.a */,
				DBEE8780247E87DA00F5526F /* Foundation.framework */,
				DBEE877E247E87D200F5526F /* UIKit.framework */,
				DBEE877C247E87CA00F5526F /* CoreGraphics.framework */,
				DBEE877A247E87BC00F5526F /* MediaPlayer.framework */,
				DBEE8778247E87B100F5526F /* SystemConfiguration.framework */,
				DBEE8776247E87A800F5526F /* Security.framework */,
				DBEE8774247E879F00F5526F /* OpenGLES.framework */,
				DBEE8772247E879100F5526F /* AudioToolbox.framework */,
				DBEE8770247E878900F5526F /* QuartzCore.framework */,
				DBEE876E247E878000F5526F /* AVFoundation.framework */,
				DBEE876C247E877800F5526F /* CoreMedia.framework */,
				DBEE876A247E877000F5526F /* libiconv.tbd */,
				DBEE8768247E876300F5526F /* libsqlite3.0.tbd */,
			);
			name = Frameworks;
			sourceTree = "<group>";
		};
/* End PBXGroup section */

/* Begin PBXNativeTarget section */
		DB8F9BB0246CBFF8006C6792 /* KLS-ExamplePlayer */ = {
			isa = PBXNativeTarget;
			buildConfigurationList = DB8F9BC5246CBFFC006C6792 /* Build configuration list for PBXNativeTarget "KLS-ExamplePlayer" */;
			buildPhases = (
				DB8F9BAD246CBFF8006C6792 /* Sources */,
				DB8F9BAE246CBFF8006C6792 /* Frameworks */,
				DB8F9BAF246CBFF8006C6792 /* Resources */,
				C58AD82C28863797006FEF6E /* Embed Frameworks */,
			);
			buildRules = (
			);
			dependencies = (
			);
			name = "KLS-ExamplePlayer";
			productName = "kls-ios-swift";
			productReference = DB8F9BB1246CBFF8006C6792 /* KLS-ExamplePlayer.app */;
			productType = "com.apple.product-type.application";
		};
/* End PBXNativeTarget section */

/* Begin PBXProject section */
		DB8F9BA9246CBFF8006C6792 /* Project object */ = {
			isa = PBXProject;
			attributes = {
				LastSwiftUpdateCheck = 1140;
				LastUpgradeCheck = 1340;
				ORGANIZATIONNAME = "양현덕";
				TargetAttributes = {
					DB8F9BB0246CBFF8006C6792 = {
						CreatedOnToolsVersion = 11.4.1;
					};
				};
			};
			buildConfigurationList = DB8F9BAC246CBFF8006C6792 /* Build configuration list for PBXProject "KLS-ExamplePlayer" */;
			compatibilityVersion = "Xcode 9.3";
			developmentRegion = en;
			hasScannedForEncodings = 0;
			knownRegions = (
				en,
				Base,
			);
			mainGroup = DB8F9BA8246CBFF8006C6792;
			productRefGroup = DB8F9BB2246CBFF8006C6792 /* Products */;
			projectDirPath = "";
			projectRoot = "";
			targets = (
				DB8F9BB0246CBFF8006C6792 /* KLS-ExamplePlayer */,
			);
		};
/* End PBXProject section */

/* Begin PBXResourcesBuildPhase section */
		DB8F9BAF246CBFF8006C6792 /* Resources */ = {
			isa = PBXResourcesBuildPhase;
			buildActionMask = 2147483647;
			files = (
				DB8F9BC1246CBFFC006C6792 /* LaunchScreen.storyboard in Resources */,
				DB8F9BE3246D2ABA006C6792 /* UrlView.xib in Resources */,
				DB8F9BD9246CF29F006C6792 /* AbstractView.xib in Resources */,
				DB8F9BBE246CBFFC006C6792 /* Assets.xcassets in Resources */,
				DBE104F3246F88D1001E519B /* CustomSlider.xib in Resources */,
				DB8F9BD5246CC427006C6792 /* Topbar.xib in Resources */,
				DB8F9BBC246CBFF8006C6792 /* Main.storyboard in Resources */,
				DBEE875E247DFA8200F5526F /* ExamplePlayer.xib in Resources */,
				B731A3E30F1CC02265CA3A05 /* PlayControl.xib in Resources */,
			);
			runOnlyForDeploymentPostprocessing = 0;
		};
/* End PBXResourcesBuildPhase section */

/* Begin PBXSourcesBuildPhase section */
		DB8F9BAD246CBFF8006C6792 /* Sources */ = {
			isa = PBXSourcesBuildPhase;
			buildActionMask = 2147483647;
			files = (
				C54A65C1288FD5A10099D209 /* KollusStorageDelegateExtension.swift in Sources */,
				C534082F288E0FEA00236CAB /* PlayerControlDelegate.swift in Sources */,
				C57090552887973E00457C44 /* ExmaplePlayerDelegate.swift in Sources */,
				C5AB6E3B288746D200110752 /* BookmarkDelegateExtension.swift in Sources */,
				C5AB6E372887465B00110752 /* PlayerDelegateExtension.swift in Sources */,
				DBF6B78A246DA24C00F5A9E6 /* CustomSlider.swift in Sources */,
				C5340829288D50E800236CAB /* ContentType.swift in Sources */,
				C5340831288E1A9400236CAB /* Logger.swift in Sources */,
				C5340835288E21F600236CAB /* BackgroundPlayExtension.swift in Sources */,
				DB8F9BB9246CBFF8006C6792 /* ViewController.swift in Sources */,
				DB8F9BD7246CF282006C6792 /* AbstractView.swift in Sources */,
				DBEE8760247DFAA000F5526F /* ExamplePlayer.swift in Sources */,
				DB8F9BB5246CBFF8006C6792 /* AppDelegate.swift in Sources */,
				C5AB6E352887450E00110752 /* DRMDelegateExtension.swift in Sources */,
				C5AB6E39288746BA00110752 /* LMSDelegateExtension.swift in Sources */,
				C534082D288E0BF000236CAB /* ButtonType.swift in Sources */,
				DB8F9BB7246CBFF8006C6792 /* SceneDelegate.swift in Sources */,
				C5340826288D4EFF00236CAB /* PlayerStatus.swift in Sources */,
				C534082B288D83B500236CAB /* ExamplePlayerError.swift in Sources */,
				DB8F9BE1246D2A9C006C6792 /* UrlView.swift in Sources */,
				DB8F9BD3246CC412006C6792 /* Topbar.swift in Sources */,
				C5340833288E1D8500236CAB /* PlayerControlExtension.swift in Sources */,
				B731A6204DE106323D38DB14 /* PlayControl.swift in Sources */,
			);
			runOnlyForDeploymentPostprocessing = 0;
		};
/* End PBXSourcesBuildPhase section */

/* Begin PBXVariantGroup section */
		DB8F9BBA246CBFF8006C6792 /* Main.storyboard */ = {
			isa = PBXVariantGroup;
			children = (
				DB8F9BBB246CBFF8006C6792 /* Base */,
			);
			name = Main.storyboard;
			sourceTree = "<group>";
		};
		DB8F9BBF246CBFFC006C6792 /* LaunchScreen.storyboard */ = {
			isa = PBXVariantGroup;
			children = (
				DB8F9BC0246CBFFC006C6792 /* Base */,
			);
			name = LaunchScreen.storyboard;
			sourceTree = "<group>";
		};
/* End PBXVariantGroup section */

/* Begin XCBuildConfiguration section */
		DB8F9BC3246CBFFC006C6792 /* Debug */ = {
			isa = XCBuildConfiguration;
			buildSettings = {
				ALWAYS_SEARCH_USER_PATHS = NO;
				CLANG_ANALYZER_NONNULL = YES;
				CLANG_ANALYZER_NUMBER_OBJECT_CONVERSION = YES_AGGRESSIVE;
				CLANG_CXX_LANGUAGE_STANDARD = "gnu++14";
				CLANG_CXX_LIBRARY = "libc++";
				CLANG_ENABLE_MODULES = YES;
				CLANG_ENABLE_OBJC_ARC = YES;
				CLANG_ENABLE_OBJC_WEAK = YES;
				CLANG_WARN_BLOCK_CAPTURE_AUTORELEASING = YES;
				CLANG_WARN_BOOL_CONVERSION = YES;
				CLANG_WARN_COMMA = YES;
				CLANG_WARN_CONSTANT_CONVERSION = YES;
				CLANG_WARN_DEPRECATED_OBJC_IMPLEMENTATIONS = YES;
				CLANG_WARN_DIRECT_OBJC_ISA_USAGE = YES_ERROR;
				CLANG_WARN_DOCUMENTATION_COMMENTS = YES;
				CLANG_WARN_EMPTY_BODY = YES;
				CLANG_WARN_ENUM_CONVERSION = YES;
				CLANG_WARN_INFINITE_RECURSION = YES;
				CLANG_WARN_INT_CONVERSION = YES;
				CLANG_WARN_NON_LITERAL_NULL_CONVERSION = YES;
				CLANG_WARN_OBJC_IMPLICIT_RETAIN_SELF = YES;
				CLANG_WARN_OBJC_LITERAL_CONVERSION = YES;
				CLANG_WARN_OBJC_ROOT_CLASS = YES_ERROR;
				CLANG_WARN_QUOTED_INCLUDE_IN_FRAMEWORK_HEADER = YES;
				CLANG_WARN_RANGE_LOOP_ANALYSIS = YES;
				CLANG_WARN_STRICT_PROTOTYPES = YES;
				CLANG_WARN_SUSPICIOUS_MOVE = YES;
				CLANG_WARN_UNGUARDED_AVAILABILITY = YES_AGGRESSIVE;
				CLANG_WARN_UNREACHABLE_CODE = YES;
				CLANG_WARN__DUPLICATE_METHOD_MATCH = YES;
				COPY_PHASE_STRIP = NO;
				DEBUG_INFORMATION_FORMAT = dwarf;
				ENABLE_STRICT_OBJC_MSGSEND = YES;
				ENABLE_TESTABILITY = YES;
				GCC_C_LANGUAGE_STANDARD = gnu11;
				GCC_DYNAMIC_NO_PIC = NO;
				GCC_NO_COMMON_BLOCKS = YES;
				GCC_OPTIMIZATION_LEVEL = 0;
				GCC_PREPROCESSOR_DEFINITIONS = (
					"DEBUG=1",
					"$(inherited)",
				);
				GCC_WARN_64_TO_32_BIT_CONVERSION = YES;
				GCC_WARN_ABOUT_RETURN_TYPE = YES_ERROR;
				GCC_WARN_UNDECLARED_SELECTOR = YES;
				GCC_WARN_UNINITIALIZED_AUTOS = YES_AGGRESSIVE;
				GCC_WARN_UNUSED_FUNCTION = YES;
				GCC_WARN_UNUSED_VARIABLE = YES;
				IPHONEOS_DEPLOYMENT_TARGET = 15.5;
				MTL_ENABLE_DEBUG_INFO = INCLUDE_SOURCE;
				MTL_FAST_MATH = YES;
				ONLY_ACTIVE_ARCH = YES;
				SDKROOT = iphoneos;
				SWIFT_ACTIVE_COMPILATION_CONDITIONS = DEBUG;
				SWIFT_OPTIMIZATION_LEVEL = "-Onone";
			};
			name = Debug;
		};
		DB8F9BC4246CBFFC006C6792 /* Release */ = {
			isa = XCBuildConfiguration;
			buildSettings = {
				ALWAYS_SEARCH_USER_PATHS = NO;
				CLANG_ANALYZER_NONNULL = YES;
				CLANG_ANALYZER_NUMBER_OBJECT_CONVERSION = YES_AGGRESSIVE;
				CLANG_CXX_LANGUAGE_STANDARD = "gnu++14";
				CLANG_CXX_LIBRARY = "libc++";
				CLANG_ENABLE_MODULES = YES;
				CLANG_ENABLE_OBJC_ARC = YES;
				CLANG_ENABLE_OBJC_WEAK = YES;
				CLANG_WARN_BLOCK_CAPTURE_AUTORELEASING = YES;
				CLANG_WARN_BOOL_CONVERSION = YES;
				CLANG_WARN_COMMA = YES;
				CLANG_WARN_CONSTANT_CONVERSION = YES;
				CLANG_WARN_DEPRECATED_OBJC_IMPLEMENTATIONS = YES;
				CLANG_WARN_DIRECT_OBJC_ISA_USAGE = YES_ERROR;
				CLANG_WARN_DOCUMENTATION_COMMENTS = YES;
				CLANG_WARN_EMPTY_BODY = YES;
				CLANG_WARN_ENUM_CONVERSION = YES;
				CLANG_WARN_INFINITE_RECURSION = YES;
				CLANG_WARN_INT_CONVERSION = YES;
				CLANG_WARN_NON_LITERAL_NULL_CONVERSION = YES;
				CLANG_WARN_OBJC_IMPLICIT_RETAIN_SELF = YES;
				CLANG_WARN_OBJC_LITERAL_CONVERSION = YES;
				CLANG_WARN_OBJC_ROOT_CLASS = YES_ERROR;
				CLANG_WARN_QUOTED_INCLUDE_IN_FRAMEWORK_HEADER = YES;
				CLANG_WARN_RANGE_LOOP_ANALYSIS = YES;
				CLANG_WARN_STRICT_PROTOTYPES = YES;
				CLANG_WARN_SUSPICIOUS_MOVE = YES;
				CLANG_WARN_UNGUARDED_AVAILABILITY = YES_AGGRESSIVE;
				CLANG_WARN_UNREACHABLE_CODE = YES;
				CLANG_WARN__DUPLICATE_METHOD_MATCH = YES;
				COPY_PHASE_STRIP = NO;
				DEBUG_INFORMATION_FORMAT = "dwarf-with-dsym";
				ENABLE_NS_ASSERTIONS = NO;
				ENABLE_STRICT_OBJC_MSGSEND = YES;
				GCC_C_LANGUAGE_STANDARD = gnu11;
				GCC_NO_COMMON_BLOCKS = YES;
				GCC_WARN_64_TO_32_BIT_CONVERSION = YES;
				GCC_WARN_ABOUT_RETURN_TYPE = YES_ERROR;
				GCC_WARN_UNDECLARED_SELECTOR = YES;
				GCC_WARN_UNINITIALIZED_AUTOS = YES_AGGRESSIVE;
				GCC_WARN_UNUSED_FUNCTION = YES;
				GCC_WARN_UNUSED_VARIABLE = YES;
				IPHONEOS_DEPLOYMENT_TARGET = 15.5;
				MTL_ENABLE_DEBUG_INFO = NO;
				MTL_FAST_MATH = YES;
				SDKROOT = iphoneos;
				SWIFT_COMPILATION_MODE = wholemodule;
				SWIFT_OPTIMIZATION_LEVEL = "-O";
				VALIDATE_PRODUCT = YES;
			};
			name = Release;
		};
		DB8F9BC6246CBFFC006C6792 /* Debug */ = {
			isa = XCBuildConfiguration;
			buildSettings = {
				ALWAYS_EMBED_SWIFT_STANDARD_LIBRARIES = YES;
				ASSETCATALOG_COMPILER_APPICON_NAME = AppIcon;
				CODE_SIGN_STYLE = Automatic;
				DEVELOPMENT_TEAM = D87JZ6F857;
				ENABLE_BITCODE = NO;
				FRAMEWORK_SEARCH_PATHS = (
					"$(inherited)",
					"$(PROJECT_DIR)/ExternalLib",
				);
				HEADER_SEARCH_PATHS = "$(PROJECT_DIR)/ExternalLib/KollusSDK/include/KollusSDK";
				INFOPLIST_FILE = "KLS-ExamplePlayer/Info.plist";
				LD_RUNPATH_SEARCH_PATHS = (
					"$(inherited)",
					"@executable_path/Frameworks",
				);
				LIBRARY_SEARCH_PATHS = "$(PROJECT_DIR)/ExternalLib/KollusSDK/lib";
				OTHER_LDFLAGS = (
					"-lc++",
					"-lz",
				);
				PRODUCT_BUNDLE_IDENTIFIER = kr.co.millie.MillieShelf;
				PRODUCT_NAME = "$(TARGET_NAME)";
				SWIFT_OBJC_BRIDGING_HEADER = "$(PROJECT_DIR)/kls-ios-swift-Bridging-Header.h";
				SWIFT_VERSION = 5.0;
				TARGETED_DEVICE_FAMILY = "1,2";
			};
			name = Debug;
		};
		DB8F9BC7246CBFFC006C6792 /* Release */ = {
			isa = XCBuildConfiguration;
			buildSettings = {
				ALWAYS_EMBED_SWIFT_STANDARD_LIBRARIES = YES;
				ASSETCATALOG_COMPILER_APPICON_NAME = AppIcon;
				CODE_SIGN_STYLE = Automatic;
				DEVELOPMENT_TEAM = D87JZ6F857;
				ENABLE_BITCODE = NO;
				FRAMEWORK_SEARCH_PATHS = (
					"$(inherited)",
					"$(PROJECT_DIR)/ExternalLib",
				);
				HEADER_SEARCH_PATHS = "$(PROJECT_DIR)/ExternalLib/KollusSDK/include/KollusSDK";
				INFOPLIST_FILE = "KLS-ExamplePlayer/Info.plist";
				LD_RUNPATH_SEARCH_PATHS = (
					"$(inherited)",
					"@executable_path/Frameworks",
				);
				LIBRARY_SEARCH_PATHS = "$(PROJECT_DIR)/ExternalLib/KollusSDK/lib";
				OTHER_LDFLAGS = (
					"-lc++",
					"-lz",
				);
				PRODUCT_BUNDLE_IDENTIFIER = kr.co.millie.MillieShelf;
				PRODUCT_NAME = "$(TARGET_NAME)";
				SWIFT_OBJC_BRIDGING_HEADER = "$(PROJECT_DIR)/kls-ios-swift-Bridging-Header.h";
				SWIFT_VERSION = 5.0;
				TARGETED_DEVICE_FAMILY = "1,2";
			};
			name = Release;
		};
/* End XCBuildConfiguration section */

/* Begin XCConfigurationList section */
		DB8F9BAC246CBFF8006C6792 /* Build configuration list for PBXProject "KLS-ExamplePlayer" */ = {
			isa = XCConfigurationList;
			buildConfigurations = (
				DB8F9BC3246CBFFC006C6792 /* Debug */,
				DB8F9BC4246CBFFC006C6792 /* Release */,
			);
			defaultConfigurationIsVisible = 0;
			defaultConfigurationName = Release;
		};
		DB8F9BC5246CBFFC006C6792 /* Build configuration list for PBXNativeTarget "KLS-ExamplePlayer" */ = {
			isa = XCConfigurationList;
			buildConfigurations = (
				DB8F9BC6246CBFFC006C6792 /* Debug */,
				DB8F9BC7246CBFFC006C6792 /* Release */,
			);
			defaultConfigurationIsVisible = 0;
			defaultConfigurationName = Release;
		};
/* End XCConfigurationList section */
	};
	rootObject = DB8F9BA9246CBFF8006C6792 /* Project object */;
}
