<?xml version="1.0" encoding="UTF-8"?>
<Scheme
   version = "1.3">
   <BuildAction>
      <BuildActionEntries>
         <BuildActionEntry
            buildForRunning = "YES">
            <BuildableReference
               BuildableIdentifier = "primary"
               BlueprintIdentifier = "DB8F9BB0246CBFF8006C6792"
               BuildableName = "kls-ios-swift.app"
               BlueprintName = "kls-ios-swift"
               ReferencedContainer = "container:kls-ios-swift.xcodeproj">
            </BuildableReference>
         </BuildActionEntry>
      </BuildActionEntries>
   </BuildAction>
   <LaunchAction
      useCustomWorkingDirectory = "NO"
      buildConfiguration = "Debug"
      allowLocationSimulation = "YES">
      <BuildableProductRunnable>
         <BuildableReference
            BuildableIdentifier = "primary"
            BlueprintIdentifier = "DB8F9BB0246CBFF8006C6792"
            BuildableName = "kls-ios-swift.app"
            BlueprintName = "kls-ios-swift"
            ReferencedContainer = "container:kls-ios-swift.xcodeproj">
         </BuildableReference>
      </BuildableProductRunnable>
   </LaunchAction>
</Scheme>
